{
  "name": "ats",
  "lockfileVersion": 3,
  "requires": true,
  "packages": {
    "": {
      "dependencies": {
        "rundef": "^1.2.6"
      }
    },
    "node_modules/rundef": {
      "version": "1.2.6",
      "resolved": "https://registry.npmjs.org/rundef/-/rundef-1.2.6.tgz",
      "integrity": "sha512-/2Nr16SUjRn4aBznRadeXtlqLqP9cgdKy8nWpW/0GbswJxjrU4fq1xPqhNn222QE3XP8kY9QotJrphIINk9S5Q==",
      "license": "MIT",
      "engines": {
        "node": ">=7.5.0"
      }
    }
  }
}
